{
  "lockfile_version": "1",
  "packages": {
    "github:NixOS/nixpkgs/nixpkgs-unstable": {
      "last_modified": "2026-04-16T08:46:55Z",
      "resolved": "github:NixOS/nixpkgs/b86751bc4085f48661017fa226dee99fab6c651b?lastModified=1776329215&narHash=sha256-a8BYi3mzoJ%2FAcJP8UldOx8emoPRLeWqALZWu4ZvjPXw%3D"
    },
    "php84Extensions.xdebug@3.5.1": {
      "last_modified": "2026-05-21T08:15:18Z",
      "resolved": "github:NixOS/nixpkgs/4a29d733e8a7d5b824c3d8c958a946a9867b3eb2#php84Extensions.xdebug",
      "source": "devbox-search",
      "version": "3.5.1",
      "systems": {
        "aarch64-darwin": {
          "outputs": [
            {
              "name": "out",
              "path": "/nix/store/4vqf6g7sbgn4mfsg9q1v35sj5dpq6izx-php-xdebug-3.5.1",
              "default": true
            }
          ],
          "store_path": "/nix/store/4vqf6g7sbgn4mfsg9q1v35sj5dpq6izx-php-xdebug-3.5.1"
        },
        "aarch64-linux": {
          "outputs": [
            {
              "name": "out",
              "path": "/nix/store/dxinid9prh1m60cm24mn973iwicjzndg-php-xdebug-3.5.1",
              "default": true
            }
          ],
          "store_path": "/nix/store/dxinid9prh1m60cm24mn973iwicjzndg-php-xdebug-3.5.1"
        },
        "x86_64-darwin": {
          "outputs": [
            {
              "name": "out",
              "path": "/nix/store/n32s198lfcvdv91ydrichzxr4smqxcvv-php-xdebug-3.5.1",
              "default": true
            }
          ],
          "store_path": "/nix/store/n32s198lfcvdv91ydrichzxr4smqxcvv-php-xdebug-3.5.1"
        },
        "x86_64-linux": {
          "outputs": [
            {
              "name": "out",
              "path": "/nix/store/pjvan5q6j4317q92kr9v08wfznayavl8-php-xdebug-3.5.1",
              "default": true
            }
          ],
          "store_path": "/nix/store/pjvan5q6j4317q92kr9v08wfznayavl8-php-xdebug-3.5.1"
        }
      }
    },
    "php@8.4.21": {
      "last_modified": "2026-05-21T08:15:18Z",
      "plugin_version": "0.0.3",
      "resolved": "github:NixOS/nixpkgs/4a29d733e8a7d5b824c3d8c958a946a9867b3eb2#php",
      "source": "devbox-search",
      "version": "8.4.21",
      "systems": {
        "aarch64-darwin": {
          "outputs": [
            {
              "name": "out",
              "path": "/nix/store/5fbcm7zpqafpqql99wsci24xcpg3wjr8-php-with-extensions-8.4.21",
              "default": true
            }
          ],
          "store_path": "/nix/store/5fbcm7zpqafpqql99wsci24xcpg3wjr8-php-with-extensions-8.4.21"
        },
        "aarch64-linux": {
          "outputs": [
            {
              "name": "out",
              "path": "/nix/store/dd415cmg1b3i2pb68hcj97adc96a751c-php-with-extensions-8.4.21",
              "default": true
            }
          ],
          "store_path": "/nix/store/dd415cmg1b3i2pb68hcj97adc96a751c-php-with-extensions-8.4.21"
        },
        "x86_64-darwin": {
          "outputs": [
            {
              "name": "out",
              "path": "/nix/store/wcyvf8h3kbxrk7hxywzqkyjz8hrrsf1k-php-with-extensions-8.4.21",
              "default": true
            }
          ],
          "store_path": "/nix/store/wcyvf8h3kbxrk7hxywzqkyjz8hrrsf1k-php-with-extensions-8.4.21"
        },
        "x86_64-linux": {
          "outputs": [
            {
              "name": "out",
              "path": "/nix/store/b2kk92d6n5360ba1ra1p14672jx3lzbj-php-with-extensions-8.4.21",
              "default": true
            }
          ],
          "store_path": "/nix/store/b2kk92d6n5360ba1ra1p14672jx3lzbj-php-with-extensions-8.4.21"
        }
      }
    }
  }
}
